
Microsoft Visual Studio Solution File, Format Version 12.00
# Visual Studio Version 16
VisualStudioVersion = 16.0.29230.47
MinimumVisualStudioVersion = 10.0.40219.1
Project("{FAE04EC0-301F-11D3-BF4B-00C04F79EFBC}") = "AspnetCoreStudy", "AspnetCoreStudy.csproj", "{6FF34D62-A0C3-43DB-9427-A4066D80DA74}"
EndProject
Global
	GlobalSection(SolutionConfigurationPlatforms) = preSolution
		Debug|Any CPU = Debug|Any CPU
		Release|Any CPU = Release|Any CPU
	EndGlobalSection
	GlobalSection(ProjectConfigurationPlatforms) = postSolution
		{6FF34D62-A0C3-43DB-9427-A4066D80DA74}.Debug|Any CPU.ActiveCfg = Debug|Any CPU
		{6FF34D62-A0C3-43DB-9427-A4066D80DA74}.Debug|Any CPU.Build.0 = Debug|Any CPU
		{6FF34D62-A0C3-43DB-9427-A4066D80DA74}.Release|Any CPU.ActiveCfg = Release|Any CPU
		{6FF34D62-A0C3-43DB-9427-A4066D80DA74}.Release|Any CPU.Build.0 = Release|Any CPU
	EndGlobalSection
	GlobalSection(SolutionProperties) = preSolution
		HideSolutionNode = FALSE
	EndGlobalSection
	GlobalSection(ExtensibilityGlobals) = postSolution
		SolutionGuid = {18DDCB2F-6DBC-4840-B076-04CDB23C1D48}
	EndGlobalSection
EndGlobal
